
Microsoft Visual Studio Solution File, Format Version 12.00
# Visual Studio Version 16
VisualStudioVersion = 16.0.31025.194
MinimumVisualStudioVersion = 10.0.40219.1
Project("{FAE04EC0-301F-11D3-BF4B-00C04F79EFBC}") = "0309一對多ccc", "0309一對多ccc\0309一對多ccc.csproj", "{C548212A-B3B9-4B7C-ABB8-C08E487FD3BC}"
EndProject
Global
	GlobalSection(SolutionConfigurationPlatforms) = preSolution
		Debug|Any CPU = Debug|Any CPU
		Release|Any CPU = Release|Any CPU
	EndGlobalSection
	GlobalSection(ProjectConfigurationPlatforms) = postSolution
		{C548212A-B3B9-4B7C-ABB8-C08E487FD3BC}.Debug|Any CPU.ActiveCfg = Debug|Any CPU
		{C548212A-B3B9-4B7C-ABB8-C08E487FD3BC}.Debug|Any CPU.Build.0 = Debug|Any CPU
		{C548212A-B3B9-4B7C-ABB8-C08E487FD3BC}.Release|Any CPU.ActiveCfg = Release|Any CPU
		{C548212A-B3B9-4B7C-ABB8-C08E487FD3BC}.Release|Any CPU.Build.0 = Release|Any CPU
	EndGlobalSection
	GlobalSection(SolutionProperties) = preSolution
		HideSolutionNode = FALSE
	EndGlobalSection
	GlobalSection(ExtensibilityGlobals) = postSolution
		SolutionGuid = {E5ED222D-EB68-4449-99EA-90E1BDA5F52B}
	EndGlobalSection
EndGlobal
